
Microsoft Visual Studio Solution File, Format Version 12.00
# Visual Studio 14
VisualStudioVersion = 14.0.23107.0
MinimumVisualStudioVersion = 10.0.40219.1
Project("{FAE04EC0-301F-11D3-BF4B-00C04F79EFBC}") = "Server", "TestSieci\Server.csproj", "{772344D1-1ED9-4A56-9455-EB0B41A4E005}"
	ProjectSection(ProjectDependencies) = postProject
		{59C5D824-738E-4B6F-BEBF-3AB7B1842877} = {59C5D824-738E-4B6F-BEBF-3AB7B1842877}
	EndProjectSection
EndProject
Project("{FAE04EC0-301F-11D3-BF4B-00C04F79EFBC}") = "Client", "TestSieciKlient\Client.csproj", "{59C5D824-738E-4B6F-BEBF-3AB7B1842877}"
EndProject
Project("{FAE04EC0-301F-11D3-BF4B-00C04F79EFBC}") = "Common", "Common Files\Common.csproj", "{EE00FF17-B824-4150-A0DB-ABF8B7DD3522}"
EndProject
Project("{2150E333-8FDC-42A3-9474-1A3956D46DE8}") = "Solution Items", "Solution Items", "{A4930E04-AC34-47B2-8865-711726F30DA4}"
	ProjectSection(SolutionItems) = preProject
		ToDo.txt = ToDo.txt
	EndProjectSection
EndProject
Global
	GlobalSection(SolutionConfigurationPlatforms) = preSolution
		Debug|Any CPU = Debug|Any CPU
		Release|Any CPU = Release|Any CPU
	EndGlobalSection
	GlobalSection(ProjectConfigurationPlatforms) = postSolution
		{772344D1-1ED9-4A56-9455-EB0B41A4E005}.Debug|Any CPU.ActiveCfg = Debug|Any CPU
		{772344D1-1ED9-4A56-9455-EB0B41A4E005}.Debug|Any CPU.Build.0 = Debug|Any CPU
		{772344D1-1ED9-4A56-9455-EB0B41A4E005}.Release|Any CPU.ActiveCfg = Release|Any CPU
		{772344D1-1ED9-4A56-9455-EB0B41A4E005}.Release|Any CPU.Build.0 = Release|Any CPU
		{59C5D824-738E-4B6F-BEBF-3AB7B1842877}.Debug|Any CPU.ActiveCfg = Debug|Any CPU
		{59C5D824-738E-4B6F-BEBF-3AB7B1842877}.Debug|Any CPU.Build.0 = Debug|Any CPU
		{59C5D824-738E-4B6F-BEBF-3AB7B1842877}.Release|Any CPU.ActiveCfg = Release|Any CPU
		{59C5D824-738E-4B6F-BEBF-3AB7B1842877}.Release|Any CPU.Build.0 = Release|Any CPU
		{EE00FF17-B824-4150-A0DB-ABF8B7DD3522}.Debug|Any CPU.ActiveCfg = Debug|Any CPU
		{EE00FF17-B824-4150-A0DB-ABF8B7DD3522}.Debug|Any CPU.Build.0 = Debug|Any CPU
		{EE00FF17-B824-4150-A0DB-ABF8B7DD3522}.Release|Any CPU.ActiveCfg = Release|Any CPU
		{EE00FF17-B824-4150-A0DB-ABF8B7DD3522}.Release|Any CPU.Build.0 = Release|Any CPU
	EndGlobalSection
	GlobalSection(SolutionProperties) = preSolution
		HideSolutionNode = FALSE
	EndGlobalSection
EndGlobal
